// !$*UTF8*$!
{
	archiveVersion = 1;
	classes = {
	};
	objectVersion = 55;
	objects = {

/* Begin PBXBuildFile section */
		04CABAAF276154FD00568991 /* AppDelegate.swift in Sources */ = {isa = PBXBuildFile; fileRef = 04CABAAE276154FD00568991 /* AppDelegate.swift */; };
		04CABAB1276154FD00568991 /* SceneDelegate.swift in Sources */ = {isa = PBXBuildFile; fileRef = 04CABAB0276154FD00568991 /* SceneDelegate.swift */; };
		04CABAB3276154FD00568991 /* ViewController.swift in Sources */ = {isa = PBXBuildFile; fileRef = 04CABAB2276154FD00568991 /* ViewController.swift */; };
		04CABAB82761550400568991 /* Assets.xcassets in Resources */ = {isa = PBXBuildFile; fileRef = 04CABAB72761550400568991 /* Assets.xcassets */; };
		04CABABB2761550400568991 /* LaunchScreen.storyboard in Resources */ = {isa = PBXBuildFile; fileRef = 04CABAB92761550400568991 /* LaunchScreen.storyboard */; };
		04CABAC8276158D200568991 /* bensound-buddy.mp3 in Resources */ = {isa = PBXBuildFile; fileRef = 04CABAC5276158D100568991 /* bensound-buddy.mp3 */; };
		04CABAC9276158D200568991 /* bensound-acousticbreeze.mp3 in Resources */ = {isa = PBXBuildFile; fileRef = 04CABAC6276158D200568991 /* bensound-acousticbreeze.mp3 */; };
		04CABACA276158D200568991 /* bensound-cute.mp3 in Resources */ = {isa = PBXBuildFile; fileRef = 04CABAC7276158D200568991 /* bensound-cute.mp3 */; };
		04CABACE2761591100568991 /* bensound-betterdays.mp3 in Resources */ = {isa = PBXBuildFile; fileRef = 04CABACB2761591000568991 /* bensound-betterdays.mp3 */; };
		04CABACF2761591100568991 /* bensound-epic.mp3 in Resources */ = {isa = PBXBuildFile; fileRef = 04CABACC2761591100568991 /* bensound-epic.mp3 */; };
		04CABAD02761591100568991 /* bensound-memories.mp3 in Resources */ = {isa = PBXBuildFile; fileRef = 04CABACD2761591100568991 /* bensound-memories.mp3 */; };
		04CABAD42761593C00568991 /* bensound-thejazzpiano.mp3 in Resources */ = {isa = PBXBuildFile; fileRef = 04CABAD12761593B00568991 /* bensound-thejazzpiano.mp3 */; };
		04CABAD52761593C00568991 /* bensound-jazzyfrenchy.mp3 in Resources */ = {isa = PBXBuildFile; fileRef = 04CABAD22761593C00568991 /* bensound-jazzyfrenchy.mp3 */; };
		04CABAD62761593C00568991 /* bensound-allthat.mp3 in Resources */ = {isa = PBXBuildFile; fileRef = 04CABAD32761593C00568991 /* bensound-allthat.mp3 */; };
		04CABAD9276159F200568991 /* Song.swift in Sources */ = {isa = PBXBuildFile; fileRef = 04CABAD8276159F200568991 /* Song.swift */; };
		04CABADB27615A4C00568991 /* Album.swift in Sources */ = {isa = PBXBuildFile; fileRef = 04CABADA27615A4C00568991 /* Album.swift */; };
		04CABADE2762209E00568991 /* AlbumTableViewCell.swift in Sources */ = {isa = PBXBuildFile; fileRef = 04CABADD2762209E00568991 /* AlbumTableViewCell.swift */; };
		04CABAE027622BBF00568991 /* MediaPlayer.swift in Sources */ = {isa = PBXBuildFile; fileRef = 04CABADF27622BBF00568991 /* MediaPlayer.swift */; };
		04CABAE2276283B600568991 /* MusicPlayerViewController.swift in Sources */ = {isa = PBXBuildFile; fileRef = 04CABAE1276283B600568991 /* MusicPlayerViewController.swift */; };
/* End PBXBuildFile section */

/* Begin PBXFileReference section */
		04CABAAB276154FD00568991 /* musicApp.app */ = {isa = PBXFileReference; explicitFileType = wrapper.application; includeInIndex = 0; path = musicApp.app; sourceTree = BUILT_PRODUCTS_DIR; };
		04CABAAE276154FD00568991 /* AppDelegate.swift */ = {isa = PBXFileReference; lastKnownFileType = sourcecode.swift; path = AppDelegate.swift; sourceTree = "<group>"; };
		04CABAB0276154FD00568991 /* SceneDelegate.swift */ = {isa = PBXFileReference; lastKnownFileType = sourcecode.swift; path = SceneDelegate.swift; sourceTree = "<group>"; };
		04CABAB2276154FD00568991 /* ViewController.swift */ = {isa = PBXFileReference; lastKnownFileType = sourcecode.swift; path = ViewController.swift; sourceTree = "<group>"; };
		04CABAB72761550400568991 /* Assets.xcassets */ = {isa = PBXFileReference; lastKnownFileType = folder.assetcatalog; path = Assets.xcassets; sourceTree = "<group>"; };
		04CABABA2761550400568991 /* Base */ = {isa = PBXFileReference; lastKnownFileType = file.storyboard; name = Base; path = Base.lproj/LaunchScreen.storyboard; sourceTree = "<group>"; };
		04CABABC2761550400568991 /* Info.plist */ = {isa = PBXFileReference; lastKnownFileType = text.plist.xml; path = Info.plist; sourceTree = "<group>"; };
		04CABAC5276158D100568991 /* bensound-buddy.mp3 */ = {isa = PBXFileReference; lastKnownFileType = audio.mp3; path = "bensound-buddy.mp3"; sourceTree = "<group>"; };
		04CABAC6276158D200568991 /* bensound-acousticbreeze.mp3 */ = {isa = PBXFileReference; lastKnownFileType = audio.mp3; path = "bensound-acousticbreeze.mp3"; sourceTree = "<group>"; };
		04CABAC7276158D200568991 /* bensound-cute.mp3 */ = {isa = PBXFileReference; lastKnownFileType = audio.mp3; path = "bensound-cute.mp3"; sourceTree = "<group>"; };
		04CABACB2761591000568991 /* bensound-betterdays.mp3 */ = {isa = PBXFileReference; lastKnownFileType = audio.mp3; path = "bensound-betterdays.mp3"; sourceTree = "<group>"; };
		04CABACC2761591100568991 /* bensound-epic.mp3 */ = {isa = PBXFileReference; lastKnownFileType = audio.mp3; path = "bensound-epic.mp3"; sourceTree = "<group>"; };
		04CABACD2761591100568991 /* bensound-memories.mp3 */ = {isa = PBXFileReference; lastKnownFileType = audio.mp3; path = "bensound-memories.mp3"; sourceTree = "<group>"; };
		04CABAD12761593B00568991 /* bensound-thejazzpiano.mp3 */ = {isa = PBXFileReference; lastKnownFileType = audio.mp3; path = "bensound-thejazzpiano.mp3"; sourceTree = "<group>"; };
		04CABAD22761593C00568991 /* bensound-jazzyfrenchy.mp3 */ = {isa = PBXFileReference; lastKnownFileType = audio.mp3; path = "bensound-jazzyfrenchy.mp3"; sourceTree = "<group>"; };
		04CABAD32761593C00568991 /* bensound-allthat.mp3 */ = {isa = PBXFileReference; lastKnownFileType = audio.mp3; path = "bensound-allthat.mp3"; sourceTree = "<group>"; };
		04CABAD8276159F200568991 /* Song.swift */ = {isa = PBXFileReference; lastKnownFileType = sourcecode.swift; path = Song.swift; sourceTree = "<group>"; };
		04CABADA27615A4C00568991 /* Album.swift */ = {isa = PBXFileReference; lastKnownFileType = sourcecode.swift; path = Album.swift; sourceTree = "<group>"; };
		04CABADD2762209E00568991 /* AlbumTableViewCell.swift */ = {isa = PBXFileReference; lastKnownFileType = sourcecode.swift; path = AlbumTableViewCell.swift; sourceTree = "<group>"; };
		04CABADF27622BBF00568991 /* MediaPlayer.swift */ = {isa = PBXFileReference; lastKnownFileType = sourcecode.swift; path = MediaPlayer.swift; sourceTree = "<group>"; };
		04CABAE1276283B600568991 /* MusicPlayerViewController.swift */ = {isa = PBXFileReference; lastKnownFileType = sourcecode.swift; path = MusicPlayerViewController.swift; sourceTree = "<group>"; };
/* End PBXFileReference section */

/* Begin PBXFrameworksBuildPhase section */
		04CABAA8276154FD00568991 /* Frameworks */ = {
			isa = PBXFrameworksBuildPhase;
			buildActionMask = 2147483647;
			files = (
			);
			runOnlyForDeploymentPostprocessing = 0;
		};
/* End PBXFrameworksBuildPhase section */

/* Begin PBXGroup section */
		04CABAA2276154FD00568991 = {
			isa = PBXGroup;
			children = (
				04CABAAD276154FD00568991 /* musicApp */,
				04CABAAC276154FD00568991 /* Products */,
			);
			sourceTree = "<group>";
		};
		04CABAAC276154FD00568991 /* Products */ = {
			isa = PBXGroup;
			children = (
				04CABAAB276154FD00568991 /* musicApp.app */,
			);
			name = Products;
			sourceTree = "<group>";
		};
		04CABAAD276154FD00568991 /* musicApp */ = {
			isa = PBXGroup;
			children = (
				04CABADC2762208400568991 /* Views */,
				04CABAD7276159DC00568991 /* Models */,
				04CABAC42761589F00568991 /* Cinematic */,
				04CABAC32761589600568991 /* Acoustic */,
				04CABAC22761588800568991 /* Jazz */,
				04CABAAE276154FD00568991 /* AppDelegate.swift */,
				04CABAB0276154FD00568991 /* SceneDelegate.swift */,
				04CABAB2276154FD00568991 /* ViewController.swift */,
				04CABAE1276283B600568991 /* MusicPlayerViewController.swift */,
				04CABAB72761550400568991 /* Assets.xcassets */,
				04CABAB92761550400568991 /* LaunchScreen.storyboard */,
				04CABABC2761550400568991 /* Info.plist */,
			);
			path = musicApp;
			sourceTree = "<group>";
		};
		04CABAC22761588800568991 /* Jazz */ = {
			isa = PBXGroup;
			children = (
				04CABAD32761593C00568991 /* bensound-allthat.mp3 */,
				04CABAD22761593C00568991 /* bensound-jazzyfrenchy.mp3 */,
				04CABAD12761593B00568991 /* bensound-thejazzpiano.mp3 */,
			);
			path = Jazz;
			sourceTree = "<group>";
		};
		04CABAC32761589600568991 /* Acoustic */ = {
			isa = PBXGroup;
			children = (
				04CABAC6276158D200568991 /* bensound-acousticbreeze.mp3 */,
				04CABAC5276158D100568991 /* bensound-buddy.mp3 */,
				04CABAC7276158D200568991 /* bensound-cute.mp3 */,
			);
			path = Acoustic;
			sourceTree = "<group>";
		};
		04CABAC42761589F00568991 /* Cinematic */ = {
			isa = PBXGroup;
			children = (
				04CABACB2761591000568991 /* bensound-betterdays.mp3 */,
				04CABACC2761591100568991 /* bensound-epic.mp3 */,
				04CABACD2761591100568991 /* bensound-memories.mp3 */,
			);
			path = Cinematic;
			sourceTree = "<group>";
		};
		04CABAD7276159DC00568991 /* Models */ = {
			isa = PBXGroup;
			children = (
				04CABAD8276159F200568991 /* Song.swift */,
				04CABADA27615A4C00568991 /* Album.swift */,
			);
			path = Models;
			sourceTree = "<group>";
		};
		04CABADC2762208400568991 /* Views */ = {
			isa = PBXGroup;
			children = (
				04CABADD2762209E00568991 /* AlbumTableViewCell.swift */,
				04CABADF27622BBF00568991 /* MediaPlayer.swift */,
			);
			path = Views;
			sourceTree = "<group>";
		};
/* End PBXGroup section */

/* Begin PBXNativeTarget section */
		04CABAAA276154FD00568991 /* musicApp */ = {
			isa = PBXNativeTarget;
			buildConfigurationList = 04CABABF2761550400568991 /* Build configuration list for PBXNativeTarget "musicApp" */;
			buildPhases = (
				04CABAA7276154FD00568991 /* Sources */,
				04CABAA8276154FD00568991 /* Frameworks */,
				04CABAA9276154FD00568991 /* Resources */,
			);
			buildRules = (
			);
			dependencies = (
			);
			name = musicApp;
			productName = musicApp;
			productReference = 04CABAAB276154FD00568991 /* musicApp.app */;
			productType = "com.apple.product-type.application";
		};
/* End PBXNativeTarget section */

/* Begin PBXProject section */
		04CABAA3276154FD00568991 /* Project object */ = {
			isa = PBXProject;
			attributes = {
				BuildIndependentTargetsInParallel = 1;
				LastSwiftUpdateCheck = 1300;
				LastUpgradeCheck = 1300;
				TargetAttributes = {
					04CABAAA276154FD00568991 = {
						CreatedOnToolsVersion = 13.0;
					};
				};
			};
			buildConfigurationList = 04CABAA6276154FD00568991 /* Build configuration list for PBXProject "musicApp" */;
			compatibilityVersion = "Xcode 13.0";
			developmentRegion = en;
			hasScannedForEncodings = 0;
			knownRegions = (
				en,
				Base,
			);
			mainGroup = 04CABAA2276154FD00568991;
			productRefGroup = 04CABAAC276154FD00568991 /* Products */;
			projectDirPath = "";
			projectRoot = "";
			targets = (
				04CABAAA276154FD00568991 /* musicApp */,
			);
		};
/* End PBXProject section */

/* Begin PBXResourcesBuildPhase section */
		04CABAA9276154FD00568991 /* Resources */ = {
			isa = PBXResourcesBuildPhase;
			buildActionMask = 2147483647;
			files = (
				04CABACA276158D200568991 /* bensound-cute.mp3 in Resources */,
				04CABACE2761591100568991 /* bensound-betterdays.mp3 in Resources */,
				04CABACF2761591100568991 /* bensound-epic.mp3 in Resources */,
				04CABAC9276158D200568991 /* bensound-acousticbreeze.mp3 in Resources */,
				04CABAC8276158D200568991 /* bensound-buddy.mp3 in Resources */,
				04CABAD52761593C00568991 /* bensound-jazzyfrenchy.mp3 in Resources */,
				04CABABB2761550400568991 /* LaunchScreen.storyboard in Resources */,
				04CABAD62761593C00568991 /* bensound-allthat.mp3 in Resources */,
				04CABAD42761593C00568991 /* bensound-thejazzpiano.mp3 in Resources */,
				04CABAB82761550400568991 /* Assets.xcassets in Resources */,
				04CABAD02761591100568991 /* bensound-memories.mp3 in Resources */,
			);
			runOnlyForDeploymentPostprocessing = 0;
		};
/* End PBXResourcesBuildPhase section */

/* Begin PBXSourcesBuildPhase section */
		04CABAA7276154FD00568991 /* Sources */ = {
			isa = PBXSourcesBuildPhase;
			buildActionMask = 2147483647;
			files = (
				04CABAD9276159F200568991 /* Song.swift in Sources */,
				04CABAE027622BBF00568991 /* MediaPlayer.swift in Sources */,
				04CABAB3276154FD00568991 /* ViewController.swift in Sources */,
				04CABAAF276154FD00568991 /* AppDelegate.swift in Sources */,
				04CABAB1276154FD00568991 /* SceneDelegate.swift in Sources */,
				04CABADB27615A4C00568991 /* Album.swift in Sources */,
				04CABADE2762209E00568991 /* AlbumTableViewCell.swift in Sources */,
				04CABAE2276283B600568991 /* MusicPlayerViewController.swift in Sources */,
			);
			runOnlyForDeploymentPostprocessing = 0;
		};
/* End PBXSourcesBuildPhase section */

/* Begin PBXVariantGroup section */
		04CABAB92761550400568991 /* LaunchScreen.storyboard */ = {
			isa = PBXVariantGroup;
			children = (
				04CABABA2761550400568991 /* Base */,
			);
			name = LaunchScreen.storyboard;
			sourceTree = "<group>";
		};
/* End PBXVariantGroup section */

/* Begin XCBuildConfiguration section */
		04CABABD2761550400568991 /* Debug */ = {
			isa = XCBuildConfiguration;
			buildSettings = {
				ALWAYS_SEARCH_USER_PATHS = NO;
				CLANG_ANALYZER_NONNULL = YES;
				CLANG_ANALYZER_NUMBER_OBJECT_CONVERSION = YES_AGGRESSIVE;
				CLANG_CXX_LANGUAGE_STANDARD = "gnu++17";
				CLANG_CXX_LIBRARY = "libc++";
				CLANG_ENABLE_MODULES = YES;
				CLANG_ENABLE_OBJC_ARC = YES;
				CLANG_ENABLE_OBJC_WEAK = YES;
				CLANG_WARN_BLOCK_CAPTURE_AUTORELEASING = YES;
				CLANG_WARN_BOOL_CONVERSION = YES;
				CLANG_WARN_COMMA = YES;
				CLANG_WARN_CONSTANT_CONVERSION = YES;
				CLANG_WARN_DEPRECATED_OBJC_IMPLEMENTATIONS = YES;
				CLANG_WARN_DIRECT_OBJC_ISA_USAGE = YES_ERROR;
				CLANG_WARN_DOCUMENTATION_COMMENTS = YES;
				CLANG_WARN_EMPTY_BODY = YES;
				CLANG_WARN_ENUM_CONVERSION = YES;
				CLANG_WARN_INFINITE_RECURSION = YES;
				CLANG_WARN_INT_CONVERSION = YES;
				CLANG_WARN_NON_LITERAL_NULL_CONVERSION = YES;
				CLANG_WARN_OBJC_IMPLICIT_RETAIN_SELF = YES;
				CLANG_WARN_OBJC_LITERAL_CONVERSION = YES;
				CLANG_WARN_OBJC_ROOT_CLASS = YES_ERROR;
				CLANG_WARN_QUOTED_INCLUDE_IN_FRAMEWORK_HEADER = YES;
				CLANG_WARN_RANGE_LOOP_ANALYSIS = YES;
				CLANG_WARN_STRICT_PROTOTYPES = YES;
				CLANG_WARN_SUSPICIOUS_MOVE = YES;
				CLANG_WARN_UNGUARDED_AVAILABILITY = YES_AGGRESSIVE;
				CLANG_WARN_UNREACHABLE_CODE = YES;
				CLANG_WARN__DUPLICATE_METHOD_MATCH = YES;
				COPY_PHASE_STRIP = NO;
				DEBUG_INFORMATION_FORMAT = dwarf;
				ENABLE_STRICT_OBJC_MSGSEND = YES;
				ENABLE_TESTABILITY = YES;
				GCC_C_LANGUAGE_STANDARD = gnu11;
				GCC_DYNAMIC_NO_PIC = NO;
				GCC_NO_COMMON_BLOCKS = YES;
				GCC_OPTIMIZATION_LEVEL = 0;
				GCC_PREPROCESSOR_DEFINITIONS = (
					"DEBUG=1",
					"$(inherited)",
				);
				GCC_WARN_64_TO_32_BIT_CONVERSION = YES;
				GCC_WARN_ABOUT_RETURN_TYPE = YES_ERROR;
				GCC_WARN_UNDECLARED_SELECTOR = YES;
				GCC_WARN_UNINITIALIZED_AUTOS = YES_AGGRESSIVE;
				GCC_WARN_UNUSED_FUNCTION = YES;
				GCC_WARN_UNUSED_VARIABLE = YES;
				IPHONEOS_DEPLOYMENT_TARGET = 15.0;
				MTL_ENABLE_DEBUG_INFO = INCLUDE_SOURCE;
				MTL_FAST_MATH = YES;
				ONLY_ACTIVE_ARCH = YES;
				SDKROOT = iphoneos;
				SWIFT_ACTIVE_COMPILATION_CONDITIONS = DEBUG;
				SWIFT_OPTIMIZATION_LEVEL = "-Onone";
			};
			name = Debug;
		};
		04CABABE2761550400568991 /* Release */ = {
			isa = XCBuildConfiguration;
			buildSettings = {
				ALWAYS_SEARCH_USER_PATHS = NO;
				CLANG_ANALYZER_NONNULL = YES;
				CLANG_ANALYZER_NUMBER_OBJECT_CONVERSION = YES_AGGRESSIVE;
				CLANG_CXX_LANGUAGE_STANDARD = "gnu++17";
				CLANG_CXX_LIBRARY = "libc++";
				CLANG_ENABLE_MODULES = YES;
				CLANG_ENABLE_OBJC_ARC = YES;
				CLANG_ENABLE_OBJC_WEAK = YES;
				CLANG_WARN_BLOCK_CAPTURE_AUTORELEASING = YES;
				CLANG_WARN_BOOL_CONVERSION = YES;
				CLANG_WARN_COMMA = YES;
				CLANG_WARN_CONSTANT_CONVERSION = YES;
				CLANG_WARN_DEPRECATED_OBJC_IMPLEMENTATIONS = YES;
				CLANG_WARN_DIRECT_OBJC_ISA_USAGE = YES_ERROR;
				CLANG_WARN_DOCUMENTATION_COMMENTS = YES;
				CLANG_WARN_EMPTY_BODY = YES;
				CLANG_WARN_ENUM_CONVERSION = YES;
				CLANG_WARN_INFINITE_RECURSION = YES;
				CLANG_WARN_INT_CONVERSION = YES;
				CLANG_WARN_NON_LITERAL_NULL_CONVERSION = YES;
				CLANG_WARN_OBJC_IMPLICIT_RETAIN_SELF = YES;
				CLANG_WARN_OBJC_LITERAL_CONVERSION = YES;
				CLANG_WARN_OBJC_ROOT_CLASS = YES_ERROR;
				CLANG_WARN_QUOTED_INCLUDE_IN_FRAMEWORK_HEADER = YES;
				CLANG_WARN_RANGE_LOOP_ANALYSIS = YES;
				CLANG_WARN_STRICT_PROTOTYPES = YES;
				CLANG_WARN_SUSPICIOUS_MOVE = YES;
				CLANG_WARN_UNGUARDED_AVAILABILITY = YES_AGGRESSIVE;
				CLANG_WARN_UNREACHABLE_CODE = YES;
				CLANG_WARN__DUPLICATE_METHOD_MATCH = YES;
				COPY_PHASE_STRIP = NO;
				DEBUG_INFORMATION_FORMAT = "dwarf-with-dsym";
				ENABLE_NS_ASSERTIONS = NO;
				ENABLE_STRICT_OBJC_MSGSEND = YES;
				GCC_C_LANGUAGE_STANDARD = gnu11;
				GCC_NO_COMMON_BLOCKS = YES;
				GCC_WARN_64_TO_32_BIT_CONVERSION = YES;
				GCC_WARN_ABOUT_RETURN_TYPE = YES_ERROR;
				GCC_WARN_UNDECLARED_SELECTOR = YES;
				GCC_WARN_UNINITIALIZED_AUTOS = YES_AGGRESSIVE;
				GCC_WARN_UNUSED_FUNCTION = YES;
				GCC_WARN_UNUSED_VARIABLE = YES;
				IPHONEOS_DEPLOYMENT_TARGET = 15.0;
				MTL_ENABLE_DEBUG_INFO = NO;
				MTL_FAST_MATH = YES;
				SDKROOT = iphoneos;
				SWIFT_COMPILATION_MODE = wholemodule;
				SWIFT_OPTIMIZATION_LEVEL = "-O";
				VALIDATE_PRODUCT = YES;
			};
			name = Release;
		};
		04CABAC02761550400568991 /* Debug */ = {
			isa = XCBuildConfiguration;
			buildSettings = {
				ASSETCATALOG_COMPILER_APPICON_NAME = AppIcon;
				ASSETCATALOG_COMPILER_GLOBAL_ACCENT_COLOR_NAME = AccentColor;
				CODE_SIGN_STYLE = Automatic;
				CURRENT_PROJECT_VERSION = 1;
				DEVELOPMENT_TEAM = CF76M9X65W;
				GENERATE_INFOPLIST_FILE = YES;
				INFOPLIST_FILE = musicApp/Info.plist;
				INFOPLIST_KEY_UIApplicationSupportsIndirectInputEvents = YES;
				INFOPLIST_KEY_UILaunchStoryboardName = LaunchScreen;
				INFOPLIST_KEY_UISupportedInterfaceOrientations = UIInterfaceOrientationPortrait;
				INFOPLIST_KEY_UISupportedInterfaceOrientations_iPad = "UIInterfaceOrientationPortrait UIInterfaceOrientationPortraitUpsideDown UIInterfaceOrientationLandscapeLeft UIInterfaceOrientationLandscapeRight";
				INFOPLIST_KEY_UISupportedInterfaceOrientations_iPhone = "UIInterfaceOrientationPortrait UIInterfaceOrientationLandscapeLeft UIInterfaceOrientationLandscapeRight";
				LD_RUNPATH_SEARCH_PATHS = (
					"$(inherited)",
					"@executable_path/Frameworks",
				);
				MARKETING_VERSION = 1.0;
				PRODUCT_BUNDLE_IDENTIFIER = efimi.musicApp;
				PRODUCT_NAME = "$(TARGET_NAME)";
				SWIFT_EMIT_LOC_STRINGS = YES;
				SWIFT_VERSION = 5.0;
				TARGETED_DEVICE_FAMILY = "1,2";
			};
			name = Debug;
		};
		04CABAC12761550400568991 /* Release */ = {
			isa = XCBuildConfiguration;
			buildSettings = {
				ASSETCATALOG_COMPILER_APPICON_NAME = AppIcon;
				ASSETCATALOG_COMPILER_GLOBAL_ACCENT_COLOR_NAME = AccentColor;
				CODE_SIGN_STYLE = Automatic;
				CURRENT_PROJECT_VERSION = 1;
				DEVELOPMENT_TEAM = CF76M9X65W;
				GENERATE_INFOPLIST_FILE = YES;
				INFOPLIST_FILE = musicApp/Info.plist;
				INFOPLIST_KEY_UIApplicationSupportsIndirectInputEvents = YES;
				INFOPLIST_KEY_UILaunchStoryboardName = LaunchScreen;
				INFOPLIST_KEY_UISupportedInterfaceOrientations = UIInterfaceOrientationPortrait;
				INFOPLIST_KEY_UISupportedInterfaceOrientations_iPad = "UIInterfaceOrientationPortrait UIInterfaceOrientationPortraitUpsideDown UIInterfaceOrientationLandscapeLeft UIInterfaceOrientationLandscapeRight";
				INFOPLIST_KEY_UISupportedInterfaceOrientations_iPhone = "UIInterfaceOrientationPortrait UIInterfaceOrientationLandscapeLeft UIInterfaceOrientationLandscapeRight";
				LD_RUNPATH_SEARCH_PATHS = (
					"$(inherited)",
					"@executable_path/Frameworks",
				);
				MARKETING_VERSION = 1.0;
				PRODUCT_BUNDLE_IDENTIFIER = efimi.musicApp;
				PRODUCT_NAME = "$(TARGET_NAME)";
				SWIFT_EMIT_LOC_STRINGS = YES;
				SWIFT_VERSION = 5.0;
				TARGETED_DEVICE_FAMILY = "1,2";
			};
			name = Release;
		};
/* End XCBuildConfiguration section */

/* Begin XCConfigurationList section */
		04CABAA6276154FD00568991 /* Build configuration list for PBXProject "musicApp" */ = {
			isa = XCConfigurationList;
			buildConfigurations = (
				04CABABD2761550400568991 /* Debug */,
				04CABABE2761550400568991 /* Release */,
			);
			defaultConfigurationIsVisible = 0;
			defaultConfigurationName = Release;
		};
		04CABABF2761550400568991 /* Build configuration list for PBXNativeTarget "musicApp" */ = {
			isa = XCConfigurationList;
			buildConfigurations = (
				04CABAC02761550400568991 /* Debug */,
				04CABAC12761550400568991 /* Release */,
			);
			defaultConfigurationIsVisible = 0;
			defaultConfigurationName = Release;
		};
/* End XCConfigurationList section */
	};
	rootObject = 04CABAA3276154FD00568991 /* Project object */;
}
